{
  "originHash" : "42d6b3fa8efec9511dd84566ba01473307cda3bcf39d20fbd4f27ed387423112",
  "pins" : [
    {
      "identity" : "playdatekit",
      "kind" : "remoteSourceControl",
      "location" : "https://github.com/finnvoor/PlaydateKit.git",
      "state" : {
        "branch" : "main",
        "revision" : "66f07424c5e4346789d9c8b25f5945208e21fa81"
      }
    },
    {
      "identity" : "utf8viewextensions",
      "kind" : "remoteSourceControl",
      "location" : "https://github.com/strawdynamics/UTF8ViewExtensions.git",
      "state" : {
        "branch" : "main",
        "revision" : "babf8b80cff1dba41678ececccd3dc711bb9a975"
      }
    }
  ],
  "version" : 3
}
